PODS:
  - SnapKit (5.7.1)
  - SwiftLint (0.57.1)

DEPENDENCIES:
  - SnapKit (~> 5.7.0)
  - SwiftLint

SPEC REPOS:
  trunk:
    - SnapKit
    - SwiftLint

SPEC CHECKSUMS:
  SnapKit: d612e99e678a2d3b95bf60b0705ed0a35c03484a
  SwiftLint: 92196976e597b9afec5dbe374810103e6c1d9d7c

PODFILE CHECKSUM: 0d330992a84b190b20892b809432df66d52a41ec

COCOAPODS: 1.13.0
