// !$*UTF8*$!
{
	archiveVersion = 1;
	classes = {
	};
	objectVersion = 56;
	objects = {

/* Begin PBXBuildFile section */
		15AF1E6921549D8893E73C05 /* Pods_Diary_DiaryUITests.framework in Frameworks */ = {isa = PBXBuildFile; fileRef = 7941AF384DF8D648C151F595 /* Pods_Diary_DiaryUITests.framework */; };
		3E0E9AEA2D0DD031001720BF /* MyCollectionViewCell.xib in Resources */ = {isa = PBXBuildFile; fileRef = 3E0E9AE92D0DD031001720BF /* MyCollectionViewCell.xib */; };
		3E0E9AEB2D0DD031001720BF /* MyCollectionViewCell.swift in Sources */ = {isa = PBXBuildFile; fileRef = 3E0E9AE82D0DD031001720BF /* MyCollectionViewCell.swift */; };
		3E0E9AEF2D0F3A68001720BF /* TaskTableViewCell.xib in Resources */ = {isa = PBXBuildFile; fileRef = 3E0E9AEE2D0F3A68001720BF /* TaskTableViewCell.xib */; };
		3E0E9AF02D0F3A68001720BF /* TaskTableViewCell.swift in Sources */ = {isa = PBXBuildFile; fileRef = 3E0E9AED2D0F3A68001720BF /* TaskTableViewCell.swift */; };
		3E0E9AFD2D0F6881001720BF /* EventView.swift in Sources */ = {isa = PBXBuildFile; fileRef = 3E0E9AFC2D0F6881001720BF /* EventView.swift */; };
		3E0E9AFF2D0F6898001720BF /* EventView.xib in Resources */ = {isa = PBXBuildFile; fileRef = 3E0E9AFE2D0F6898001720BF /* EventView.xib */; };
		3E1152DE2D11F385002E58ED /* DateHelper.swift in Sources */ = {isa = PBXBuildFile; fileRef = 3E1152DD2D11F385002E58ED /* DateHelper.swift */; };
		3E1152E12D11FFFE002E58ED /* String+Extensions.swift in Sources */ = {isa = PBXBuildFile; fileRef = 3E1152E02D11FFFE002E58ED /* String+Extensions.swift */; };
		3E1152E32D12CEB0002E58ED /* Localizable.xcstrings in Resources */ = {isa = PBXBuildFile; fileRef = 3E1152E22D12CEB0002E58ED /* Localizable.xcstrings */; };
		3E1152E52D12D082002E58ED /* Localized.swift in Sources */ = {isa = PBXBuildFile; fileRef = 3E1152E42D12D082002E58ED /* Localized.swift */; };
		3E29C0A02D0DB0F100431156 /* CalendarManager.swift in Sources */ = {isa = PBXBuildFile; fileRef = 3E29C09F2D0DB0F100431156 /* CalendarManager.swift */; };
		3E6951312D087CC800587837 /* AppDelegate.swift in Sources */ = {isa = PBXBuildFile; fileRef = 3E6951302D087CC800587837 /* AppDelegate.swift */; };
		3E69513A2D087CCA00587837 /* Assets.xcassets in Resources */ = {isa = PBXBuildFile; fileRef = 3E6951392D087CCA00587837 /* Assets.xcassets */; };
		3E69513D2D087CCA00587837 /* Base in Resources */ = {isa = PBXBuildFile; fileRef = 3E69513C2D087CCA00587837 /* Base */; };
		3E6951482D087CCB00587837 /* DiaryTests.swift in Sources */ = {isa = PBXBuildFile; fileRef = 3E6951472D087CCB00587837 /* DiaryTests.swift */; };
		3E6951522D087CCB00587837 /* DiaryUITests.swift in Sources */ = {isa = PBXBuildFile; fileRef = 3E6951512D087CCB00587837 /* DiaryUITests.swift */; };
		3E6951542D087CCB00587837 /* DiaryUITestsLaunchTests.swift in Sources */ = {isa = PBXBuildFile; fileRef = 3E6951532D087CCB00587837 /* DiaryUITestsLaunchTests.swift */; };
		3EA280912D0C3FFF003A2433 /* TasksScreenModels.swift in Sources */ = {isa = PBXBuildFile; fileRef = 3EA280902D0C3FFF003A2433 /* TasksScreenModels.swift */; };
		3EA280932D0C401F003A2433 /* TasksScreenPresenter.swift in Sources */ = {isa = PBXBuildFile; fileRef = 3EA280922D0C401F003A2433 /* TasksScreenPresenter.swift */; };
		3EA280952D0C4030003A2433 /* TasksScreenRouter.swift in Sources */ = {isa = PBXBuildFile; fileRef = 3EA280942D0C4030003A2433 /* TasksScreenRouter.swift */; };
		3EA280972D0C404D003A2433 /* TasksScreenAssembly.swift in Sources */ = {isa = PBXBuildFile; fileRef = 3EA280962D0C404D003A2433 /* TasksScreenAssembly.swift */; };
		3EA280992D0C405C003A2433 /* TasksScreenTableAdapter.swift in Sources */ = {isa = PBXBuildFile; fileRef = 3EA280982D0C405C003A2433 /* TasksScreenTableAdapter.swift */; };
		3EA2809C2D0C40EE003A2433 /* DiaryService.swift in Sources */ = {isa = PBXBuildFile; fileRef = 3EA2809B2D0C40EE003A2433 /* DiaryService.swift */; };
		3EA365CE2D0CB632009192EE /* TasksList.json in Resources */ = {isa = PBXBuildFile; fileRef = 3EA365CD2D0CB632009192EE /* TasksList.json */; };
		3EA365D42D0CB947009192EE /* TasksResponse.swift in Sources */ = {isa = PBXBuildFile; fileRef = 3EA365D32D0CB947009192EE /* TasksResponse.swift */; };
		3EA365D62D0CBAA3009192EE /* TasksItem.swift in Sources */ = {isa = PBXBuildFile; fileRef = 3EA365D52D0CBAA3009192EE /* TasksItem.swift */; };
		3EA365D92D0CBC98009192EE /* LossyCodableList.swift in Sources */ = {isa = PBXBuildFile; fileRef = 3EA365D82D0CBC98009192EE /* LossyCodableList.swift */; };
		3EBC87E82D0B7CC200BF70BF /* TasksScreenViewController.swift in Sources */ = {isa = PBXBuildFile; fileRef = 3EBC87E72D0B7CC200BF70BF /* TasksScreenViewController.swift */; };
		3EBC87EA2D0B7D5100BF70BF /* TasksScreenViewController.xib in Resources */ = {isa = PBXBuildFile; fileRef = 3EBC87E92D0B7D5100BF70BF /* TasksScreenViewController.xib */; };
		A28AE512190587A0FC08E92C /* Pods_DiaryTests.framework in Frameworks */ = {isa = PBXBuildFile; fileRef = 172DBF2734A2D554BE89284C /* Pods_DiaryTests.framework */; };
		C471D51C9040B8BAAE2D9F97 /* Pods_Diary.framework in Frameworks */ = {isa = PBXBuildFile; fileRef = 7DC37A124454ED214D56CE7F /* Pods_Diary.framework */; };
/* End PBXBuildFile section */

/* Begin PBXContainerItemProxy section */
		3E6951442D087CCB00587837 /* PBXContainerItemProxy */ = {
			isa = PBXContainerItemProxy;
			containerPortal = 3E6951252D087CC800587837 /* Project object */;
			proxyType = 1;
			remoteGlobalIDString = 3E69512C2D087CC800587837;
			remoteInfo = Diary;
		};
		3E69514E2D087CCB00587837 /* PBXContainerItemProxy */ = {
			isa = PBXContainerItemProxy;
			containerPortal = 3E6951252D087CC800587837 /* Project object */;
			proxyType = 1;
			remoteGlobalIDString = 3E69512C2D087CC800587837;
			remoteInfo = Diary;
		};
/* End PBXContainerItemProxy section */

/* Begin PBXFileReference section */
		172DBF2734A2D554BE89284C /* Pods_DiaryTests.framework */ = {isa = PBXFileReference; explicitFileType = wrapper.framework; includeInIndex = 0; path = Pods_DiaryTests.framework; sourceTree = BUILT_PRODUCTS_DIR; };
		2C7FDFF3CFD2BCB62BB8209B /* Pods-DiaryTests.debug.xcconfig */ = {isa = PBXFileReference; includeInIndex = 1; lastKnownFileType = text.xcconfig; name = "Pods-DiaryTests.debug.xcconfig"; path = "Target Support Files/Pods-DiaryTests/Pods-DiaryTests.debug.xcconfig"; sourceTree = "<group>"; };
		3E0E9AE82D0DD031001720BF /* MyCollectionViewCell.swift */ = {isa = PBXFileReference; lastKnownFileType = sourcecode.swift; path = MyCollectionViewCell.swift; sourceTree = "<group>"; };
		3E0E9AE92D0DD031001720BF /* MyCollectionViewCell.xib */ = {isa = PBXFileReference; lastKnownFileType = file.xib; path = MyCollectionViewCell.xib; sourceTree = "<group>"; };
		3E0E9AED2D0F3A68001720BF /* TaskTableViewCell.swift */ = {isa = PBXFileReference; lastKnownFileType = sourcecode.swift; path = TaskTableViewCell.swift; sourceTree = "<group>"; };
		3E0E9AEE2D0F3A68001720BF /* TaskTableViewCell.xib */ = {isa = PBXFileReference; lastKnownFileType = file.xib; path = TaskTableViewCell.xib; sourceTree = "<group>"; };
		3E0E9AFC2D0F6881001720BF /* EventView.swift */ = {isa = PBXFileReference; lastKnownFileType = sourcecode.swift; path = EventView.swift; sourceTree = "<group>"; };
		3E0E9AFE2D0F6898001720BF /* EventView.xib */ = {isa = PBXFileReference; lastKnownFileType = file.xib; path = EventView.xib; sourceTree = "<group>"; };
		3E1152DD2D11F385002E58ED /* DateHelper.swift */ = {isa = PBXFileReference; lastKnownFileType = sourcecode.swift; path = DateHelper.swift; sourceTree = "<group>"; };
		3E1152E02D11FFFE002E58ED /* String+Extensions.swift */ = {isa = PBXFileReference; lastKnownFileType = sourcecode.swift; path = "String+Extensions.swift"; sourceTree = "<group>"; };
		3E1152E22D12CEB0002E58ED /* Localizable.xcstrings */ = {isa = PBXFileReference; lastKnownFileType = text.json.xcstrings; path = Localizable.xcstrings; sourceTree = "<group>"; };
		3E1152E42D12D082002E58ED /* Localized.swift */ = {isa = PBXFileReference; lastKnownFileType = sourcecode.swift; path = Localized.swift; sourceTree = "<group>"; };
		3E29C09F2D0DB0F100431156 /* CalendarManager.swift */ = {isa = PBXFileReference; lastKnownFileType = sourcecode.swift; path = CalendarManager.swift; sourceTree = "<group>"; };
		3E69512D2D087CC800587837 /* Diary.app */ = {isa = PBXFileReference; explicitFileType = wrapper.application; includeInIndex = 0; path = Diary.app; sourceTree = BUILT_PRODUCTS_DIR; };
		3E6951302D087CC800587837 /* AppDelegate.swift */ = {isa = PBXFileReference; lastKnownFileType = sourcecode.swift; path = AppDelegate.swift; sourceTree = "<group>"; };
		3E6951392D087CCA00587837 /* Assets.xcassets */ = {isa = PBXFileReference; lastKnownFileType = folder.assetcatalog; path = Assets.xcassets; sourceTree = "<group>"; };
		3E69513C2D087CCA00587837 /* Base */ = {isa = PBXFileReference; lastKnownFileType = file.storyboard; name = Base; path = Base.lproj/LaunchScreen.storyboard; sourceTree = "<group>"; };
		3E69513E2D087CCA00587837 /* Info.plist */ = {isa = PBXFileReference; lastKnownFileType = text.plist.xml; name = Info.plist; path = "Diary/Supporting files/Info.plist"; sourceTree = SOURCE_ROOT; };
		3E6951432D087CCB00587837 /* DiaryTests.xctest */ = {isa = PBXFileReference; explicitFileType = wrapper.cfbundle; includeInIndex = 0; path = DiaryTests.xctest; sourceTree = BUILT_PRODUCTS_DIR; };
		3E6951472D087CCB00587837 /* DiaryTests.swift */ = {isa = PBXFileReference; lastKnownFileType = sourcecode.swift; path = DiaryTests.swift; sourceTree = "<group>"; };
		3E69514D2D087CCB00587837 /* DiaryUITests.xctest */ = {isa = PBXFileReference; explicitFileType = wrapper.cfbundle; includeInIndex = 0; path = DiaryUITests.xctest; sourceTree = BUILT_PRODUCTS_DIR; };
		3E6951512D087CCB00587837 /* DiaryUITests.swift */ = {isa = PBXFileReference; lastKnownFileType = sourcecode.swift; path = DiaryUITests.swift; sourceTree = "<group>"; };
		3E6951532D087CCB00587837 /* DiaryUITestsLaunchTests.swift */ = {isa = PBXFileReference; lastKnownFileType = sourcecode.swift; path = DiaryUITestsLaunchTests.swift; sourceTree = "<group>"; };
		3EA280902D0C3FFF003A2433 /* TasksScreenModels.swift */ = {isa = PBXFileReference; lastKnownFileType = sourcecode.swift; path = TasksScreenModels.swift; sourceTree = "<group>"; };
		3EA280922D0C401F003A2433 /* TasksScreenPresenter.swift */ = {isa = PBXFileReference; lastKnownFileType = sourcecode.swift; path = TasksScreenPresenter.swift; sourceTree = "<group>"; };
		3EA280942D0C4030003A2433 /* TasksScreenRouter.swift */ = {isa = PBXFileReference; lastKnownFileType = sourcecode.swift; path = TasksScreenRouter.swift; sourceTree = "<group>"; };
		3EA280962D0C404D003A2433 /* TasksScreenAssembly.swift */ = {isa = PBXFileReference; lastKnownFileType = sourcecode.swift; path = TasksScreenAssembly.swift; sourceTree = "<group>"; };
		3EA280982D0C405C003A2433 /* TasksScreenTableAdapter.swift */ = {isa = PBXFileReference; lastKnownFileType = sourcecode.swift; path = TasksScreenTableAdapter.swift; sourceTree = "<group>"; };
		3EA2809B2D0C40EE003A2433 /* DiaryService.swift */ = {isa = PBXFileReference; lastKnownFileType = sourcecode.swift; path = DiaryService.swift; sourceTree = "<group>"; };
		3EA365CD2D0CB632009192EE /* TasksList.json */ = {isa = PBXFileReference; lastKnownFileType = text.json; path = TasksList.json; sourceTree = "<group>"; };
		3EA365D32D0CB947009192EE /* TasksResponse.swift */ = {isa = PBXFileReference; lastKnownFileType = sourcecode.swift; path = TasksResponse.swift; sourceTree = "<group>"; };
		3EA365D52D0CBAA3009192EE /* TasksItem.swift */ = {isa = PBXFileReference; lastKnownFileType = sourcecode.swift; path = TasksItem.swift; sourceTree = "<group>"; };
		3EA365D82D0CBC98009192EE /* LossyCodableList.swift */ = {isa = PBXFileReference; lastKnownFileType = sourcecode.swift; path = LossyCodableList.swift; sourceTree = "<group>"; };
		3EBC87E72D0B7CC200BF70BF /* TasksScreenViewController.swift */ = {isa = PBXFileReference; lastKnownFileType = sourcecode.swift; path = TasksScreenViewController.swift; sourceTree = "<group>"; };
		3EBC87E92D0B7D5100BF70BF /* TasksScreenViewController.xib */ = {isa = PBXFileReference; lastKnownFileType = file.xib; path = TasksScreenViewController.xib; sourceTree = "<group>"; };
		7941AF384DF8D648C151F595 /* Pods_Diary_DiaryUITests.framework */ = {isa = PBXFileReference; explicitFileType = wrapper.framework; includeInIndex = 0; path = Pods_Diary_DiaryUITests.framework; sourceTree = BUILT_PRODUCTS_DIR; };
		798CD8E754070FF3BD7CDC0B /* Pods-Diary.debug.xcconfig */ = {isa = PBXFileReference; includeInIndex = 1; lastKnownFileType = text.xcconfig; name = "Pods-Diary.debug.xcconfig"; path = "Target Support Files/Pods-Diary/Pods-Diary.debug.xcconfig"; sourceTree = "<group>"; };
		7DC37A124454ED214D56CE7F /* Pods_Diary.framework */ = {isa = PBXFileReference; explicitFileType = wrapper.framework; includeInIndex = 0; path = Pods_Diary.framework; sourceTree = BUILT_PRODUCTS_DIR; };
		8F6BC931E63A3B63E5780E1D /* Pods-DiaryTests.release.xcconfig */ = {isa = PBXFileReference; includeInIndex = 1; lastKnownFileType = text.xcconfig; name = "Pods-DiaryTests.release.xcconfig"; path = "Target Support Files/Pods-DiaryTests/Pods-DiaryTests.release.xcconfig"; sourceTree = "<group>"; };
		DD81D20422B53697FE8EFE6D /* Pods-Diary-DiaryUITests.release.xcconfig */ = {isa = PBXFileReference; includeInIndex = 1; lastKnownFileType = text.xcconfig; name = "Pods-Diary-DiaryUITests.release.xcconfig"; path = "Target Support Files/Pods-Diary-DiaryUITests/Pods-Diary-DiaryUITests.release.xcconfig"; sourceTree = "<group>"; };
		E62E2F6CE4A7DAD798DF5A21 /* Pods-Diary.release.xcconfig */ = {isa = PBXFileReference; includeInIndex = 1; lastKnownFileType = text.xcconfig; name = "Pods-Diary.release.xcconfig"; path = "Target Support Files/Pods-Diary/Pods-Diary.release.xcconfig"; sourceTree = "<group>"; };
		EA28392BCBA62509B6FA2BF6 /* Pods-Diary-DiaryUITests.debug.xcconfig */ = {isa = PBXFileReference; includeInIndex = 1; lastKnownFileType = text.xcconfig; name = "Pods-Diary-DiaryUITests.debug.xcconfig"; path = "Target Support Files/Pods-Diary-DiaryUITests/Pods-Diary-DiaryUITests.debug.xcconfig"; sourceTree = "<group>"; };
/* End PBXFileReference section */

/* Begin PBXFrameworksBuildPhase section */
		3E69512A2D087CC800587837 /* Frameworks */ = {
			isa = PBXFrameworksBuildPhase;
			buildActionMask = 2147483647;
			files = (
				C471D51C9040B8BAAE2D9F97 /* Pods_Diary.framework in Frameworks */,
			);
			runOnlyForDeploymentPostprocessing = 0;
		};
		3E6951402D087CCB00587837 /* Frameworks */ = {
			isa = PBXFrameworksBuildPhase;
			buildActionMask = 2147483647;
			files = (
				A28AE512190587A0FC08E92C /* Pods_DiaryTests.framework in Frameworks */,
			);
			runOnlyForDeploymentPostprocessing = 0;
		};
		3E69514A2D087CCB00587837 /* Frameworks */ = {
			isa = PBXFrameworksBuildPhase;
			buildActionMask = 2147483647;
			files = (
				15AF1E6921549D8893E73C05 /* Pods_Diary_DiaryUITests.framework in Frameworks */,
			);
			runOnlyForDeploymentPostprocessing = 0;
		};
/* End PBXFrameworksBuildPhase section */

/* Begin PBXGroup section */
		1001365D1C99AB687C3EF1FB /* Pods */ = {
			isa = PBXGroup;
			children = (
				798CD8E754070FF3BD7CDC0B /* Pods-Diary.debug.xcconfig */,
				E62E2F6CE4A7DAD798DF5A21 /* Pods-Diary.release.xcconfig */,
				EA28392BCBA62509B6FA2BF6 /* Pods-Diary-DiaryUITests.debug.xcconfig */,
				DD81D20422B53697FE8EFE6D /* Pods-Diary-DiaryUITests.release.xcconfig */,
				2C7FDFF3CFD2BCB62BB8209B /* Pods-DiaryTests.debug.xcconfig */,
				8F6BC931E63A3B63E5780E1D /* Pods-DiaryTests.release.xcconfig */,
			);
			path = Pods;
			sourceTree = "<group>";
		};
		3E0E9AEC2D0E1980001720BF /* TableViewCells */ = {
			isa = PBXGroup;
			children = (
				3E0E9AED2D0F3A68001720BF /* TaskTableViewCell.swift */,
				3E0E9AEE2D0F3A68001720BF /* TaskTableViewCell.xib */,
			);
			path = TableViewCells;
			sourceTree = "<group>";
		};
		3E0E9AF12D0F5B46001720BF /* EventView */ = {
			isa = PBXGroup;
			children = (
				3E0E9AFC2D0F6881001720BF /* EventView.swift */,
				3E0E9AFE2D0F6898001720BF /* EventView.xib */,
			);
			path = EventView;
			sourceTree = "<group>";
		};
		3E1152DF2D11FFEE002E58ED /* Extensions */ = {
			isa = PBXGroup;
			children = (
				3E1152E02D11FFFE002E58ED /* String+Extensions.swift */,
				3E1152E42D12D082002E58ED /* Localized.swift */,
			);
			path = Extensions;
			sourceTree = "<group>";
		};
		3E29C09E2D0DB0B400431156 /* CalendarManager */ = {
			isa = PBXGroup;
			children = (
				3E29C09F2D0DB0F100431156 /* CalendarManager.swift */,
			);
			path = CalendarManager;
			sourceTree = "<group>";
		};
		3E29C0A12D0DBE1D00431156 /* CollectionViewCells */ = {
			isa = PBXGroup;
			children = (
				3E0E9AE82D0DD031001720BF /* MyCollectionViewCell.swift */,
				3E0E9AE92D0DD031001720BF /* MyCollectionViewCell.xib */,
			);
			path = CollectionViewCells;
			sourceTree = "<group>";
		};
		3E6951242D087CC800587837 = {
			isa = PBXGroup;
			children = (
				3E69512F2D087CC800587837 /* Diary */,
				3E6951462D087CCB00587837 /* DiaryTests */,
				3E6951502D087CCB00587837 /* DiaryUITests */,
				3E69512E2D087CC800587837 /* Products */,
				1001365D1C99AB687C3EF1FB /* Pods */,
				B9D45462EB0644983C9A7F6E /* Frameworks */,
			);
			sourceTree = "<group>";
		};
		3E69512E2D087CC800587837 /* Products */ = {
			isa = PBXGroup;
			children = (
				3E69512D2D087CC800587837 /* Diary.app */,
				3E6951432D087CCB00587837 /* DiaryTests.xctest */,
				3E69514D2D087CCB00587837 /* DiaryUITests.xctest */,
			);
			name = Products;
			sourceTree = "<group>";
		};
		3E69512F2D087CC800587837 /* Diary */ = {
			isa = PBXGroup;
			children = (
				3E1152DF2D11FFEE002E58ED /* Extensions */,
				3EA365D72D0CBC84009192EE /* Helpers */,
				3EA365D02D0CB8CF009192EE /* UI */,
				3EA365CF2D0CB86A009192EE /* Models */,
				3EA2809A2D0C40C4003A2433 /* Services */,
				3EBC87EE2D0B82F500BF70BF /* Supporting files */,
				3EBC87ED2D0B82D300BF70BF /* Resources */,
				3EBC87EB2D0B828200BF70BF /* AppDelegate */,
			);
			path = Diary;
			sourceTree = "<group>";
		};
		3E6951462D087CCB00587837 /* DiaryTests */ = {
			isa = PBXGroup;
			children = (
				3E6951472D087CCB00587837 /* DiaryTests.swift */,
			);
			path = DiaryTests;
			sourceTree = "<group>";
		};
		3E6951502D087CCB00587837 /* DiaryUITests */ = {
			isa = PBXGroup;
			children = (
				3E6951512D087CCB00587837 /* DiaryUITests.swift */,
				3E6951532D087CCB00587837 /* DiaryUITestsLaunchTests.swift */,
			);
			path = DiaryUITests;
			sourceTree = "<group>";
		};
		3EA2809A2D0C40C4003A2433 /* Services */ = {
			isa = PBXGroup;
			children = (
				3E29C09E2D0DB0B400431156 /* CalendarManager */,
				3EA2809B2D0C40EE003A2433 /* DiaryService.swift */,
			);
			path = Services;
			sourceTree = "<group>";
		};
		3EA2809D2D0C426B003A2433 /* View */ = {
			isa = PBXGroup;
			children = (
				3E0E9AF12D0F5B46001720BF /* EventView */,
				3E0E9AEC2D0E1980001720BF /* TableViewCells */,
				3E29C0A12D0DBE1D00431156 /* CollectionViewCells */,
				3EBC87E72D0B7CC200BF70BF /* TasksScreenViewController.swift */,
				3EBC87E92D0B7D5100BF70BF /* TasksScreenViewController.xib */,
			);
			path = View;
			sourceTree = "<group>";
		};
		3EA365CF2D0CB86A009192EE /* Models */ = {
			isa = PBXGroup;
			children = (
				3EA365D12D0CB901009192EE /* Responses */,
			);
			path = Models;
			sourceTree = "<group>";
		};
		3EA365D02D0CB8CF009192EE /* UI */ = {
			isa = PBXGroup;
			children = (
				3EBC87E62D0B7CAD00BF70BF /* TasksScreen */,
			);
			path = UI;
			sourceTree = "<group>";
		};
		3EA365D12D0CB901009192EE /* Responses */ = {
			isa = PBXGroup;
			children = (
				3EA365D22D0CB91D009192EE /* Tasks */,
			);
			path = Responses;
			sourceTree = "<group>";
		};
		3EA365D22D0CB91D009192EE /* Tasks */ = {
			isa = PBXGroup;
			children = (
				3EA365D32D0CB947009192EE /* TasksResponse.swift */,
				3EA365D52D0CBAA3009192EE /* TasksItem.swift */,
			);
			path = Tasks;
			sourceTree = "<group>";
		};
		3EA365D72D0CBC84009192EE /* Helpers */ = {
			isa = PBXGroup;
			children = (
				3EA365D82D0CBC98009192EE /* LossyCodableList.swift */,
				3E1152DD2D11F385002E58ED /* DateHelper.swift */,
			);
			path = Helpers;
			sourceTree = "<group>";
		};
		3EBC87E62D0B7CAD00BF70BF /* TasksScreen */ = {
			isa = PBXGroup;
			children = (
				3EA2809D2D0C426B003A2433 /* View */,
				3EA280902D0C3FFF003A2433 /* TasksScreenModels.swift */,
				3EA280922D0C401F003A2433 /* TasksScreenPresenter.swift */,
				3EA280942D0C4030003A2433 /* TasksScreenRouter.swift */,
				3EA280962D0C404D003A2433 /* TasksScreenAssembly.swift */,
				3EA280982D0C405C003A2433 /* TasksScreenTableAdapter.swift */,
			);
			path = TasksScreen;
			sourceTree = "<group>";
		};
		3EBC87EB2D0B828200BF70BF /* AppDelegate */ = {
			isa = PBXGroup;
			children = (
				3E6951302D087CC800587837 /* AppDelegate.swift */,
			);
			path = AppDelegate;
			sourceTree = "<group>";
		};
		3EBC87ED2D0B82D300BF70BF /* Resources */ = {
			isa = PBXGroup;
			children = (
				3E69513B2D087CCA00587837 /* LaunchScreen.storyboard */,
				3E6951392D087CCA00587837 /* Assets.xcassets */,
				3EA365CD2D0CB632009192EE /* TasksList.json */,
				3E1152E22D12CEB0002E58ED /* Localizable.xcstrings */,
			);
			path = Resources;
			sourceTree = "<group>";
		};
		3EBC87EE2D0B82F500BF70BF /* Supporting files */ = {
			isa = PBXGroup;
			children = (
				3E69513E2D087CCA00587837 /* Info.plist */,
			);
			path = "Supporting files";
			sourceTree = "<group>";
		};
		B9D45462EB0644983C9A7F6E /* Frameworks */ = {
			isa = PBXGroup;
			children = (
				7DC37A124454ED214D56CE7F /* Pods_Diary.framework */,
				7941AF384DF8D648C151F595 /* Pods_Diary_DiaryUITests.framework */,
				172DBF2734A2D554BE89284C /* Pods_DiaryTests.framework */,
			);
			name = Frameworks;
			sourceTree = "<group>";
		};
/* End PBXGroup section */

/* Begin PBXNativeTarget section */
		3E69512C2D087CC800587837 /* Diary */ = {
			isa = PBXNativeTarget;
			buildConfigurationList = 3E6951572D087CCB00587837 /* Build configuration list for PBXNativeTarget "Diary" */;
			buildPhases = (
				6B99C16C872303F11D61C157 /* [CP] Check Pods Manifest.lock */,
				3E6951292D087CC800587837 /* Sources */,
				3E69512A2D087CC800587837 /* Frameworks */,
				3E69512B2D087CC800587837 /* Resources */,
				3E731B772D08B1EB0084EF1F /* ShellScript */,
			);
			buildRules = (
			);
			dependencies = (
			);
			name = Diary;
			productName = Diary;
			productReference = 3E69512D2D087CC800587837 /* Diary.app */;
			productType = "com.apple.product-type.application";
		};
		3E6951422D087CCB00587837 /* DiaryTests */ = {
			isa = PBXNativeTarget;
			buildConfigurationList = 3E69515A2D087CCB00587837 /* Build configuration list for PBXNativeTarget "DiaryTests" */;
			buildPhases = (
				C8E05C863A47254ED37727D3 /* [CP] Check Pods Manifest.lock */,
				3E69513F2D087CCB00587837 /* Sources */,
				3E6951402D087CCB00587837 /* Frameworks */,
				3E6951412D087CCB00587837 /* Resources */,
			);
			buildRules = (
			);
			dependencies = (
				3E6951452D087CCB00587837 /* PBXTargetDependency */,
			);
			name = DiaryTests;
			productName = DiaryTests;
			productReference = 3E6951432D087CCB00587837 /* DiaryTests.xctest */;
			productType = "com.apple.product-type.bundle.unit-test";
		};
		3E69514C2D087CCB00587837 /* DiaryUITests */ = {
			isa = PBXNativeTarget;
			buildConfigurationList = 3E69515D2D087CCB00587837 /* Build configuration list for PBXNativeTarget "DiaryUITests" */;
			buildPhases = (
				ABAAEB969172DAED71A57879 /* [CP] Check Pods Manifest.lock */,
				3E6951492D087CCB00587837 /* Sources */,
				3E69514A2D087CCB00587837 /* Frameworks */,
				3E69514B2D087CCB00587837 /* Resources */,
			);
			buildRules = (
			);
			dependencies = (
				3E69514F2D087CCB00587837 /* PBXTargetDependency */,
			);
			name = DiaryUITests;
			productName = DiaryUITests;
			productReference = 3E69514D2D087CCB00587837 /* DiaryUITests.xctest */;
			productType = "com.apple.product-type.bundle.ui-testing";
		};
/* End PBXNativeTarget section */

/* Begin PBXProject section */
		3E6951252D087CC800587837 /* Project object */ = {
			isa = PBXProject;
			attributes = {
				BuildIndependentTargetsInParallel = 1;
				LastSwiftUpdateCheck = 1540;
				LastUpgradeCheck = 1540;
				TargetAttributes = {
					3E69512C2D087CC800587837 = {
						CreatedOnToolsVersion = 15.4;
					};
					3E6951422D087CCB00587837 = {
						CreatedOnToolsVersion = 15.4;
						TestTargetID = 3E69512C2D087CC800587837;
					};
					3E69514C2D087CCB00587837 = {
						CreatedOnToolsVersion = 15.4;
						TestTargetID = 3E69512C2D087CC800587837;
					};
				};
			};
			buildConfigurationList = 3E6951282D087CC800587837 /* Build configuration list for PBXProject "Diary" */;
			compatibilityVersion = "Xcode 14.0";
			developmentRegion = en;
			hasScannedForEncodings = 0;
			knownRegions = (
				en,
				Base,
				ru,
			);
			mainGroup = 3E6951242D087CC800587837;
			productRefGroup = 3E69512E2D087CC800587837 /* Products */;
			projectDirPath = "";
			projectRoot = "";
			targets = (
				3E69512C2D087CC800587837 /* Diary */,
				3E6951422D087CCB00587837 /* DiaryTests */,
				3E69514C2D087CCB00587837 /* DiaryUITests */,
			);
		};
/* End PBXProject section */

/* Begin PBXResourcesBuildPhase section */
		3E69512B2D087CC800587837 /* Resources */ = {
			isa = PBXResourcesBuildPhase;
			buildActionMask = 2147483647;
			files = (
				3E0E9AFF2D0F6898001720BF /* EventView.xib in Resources */,
				3E0E9AEF2D0F3A68001720BF /* TaskTableViewCell.xib in Resources */,
				3E1152E32D12CEB0002E58ED /* Localizable.xcstrings in Resources */,
				3E0E9AEA2D0DD031001720BF /* MyCollectionViewCell.xib in Resources */,
				3EA365CE2D0CB632009192EE /* TasksList.json in Resources */,
				3E69513A2D087CCA00587837 /* Assets.xcassets in Resources */,
				3EBC87EA2D0B7D5100BF70BF /* TasksScreenViewController.xib in Resources */,
				3E69513D2D087CCA00587837 /* Base in Resources */,
			);
			runOnlyForDeploymentPostprocessing = 0;
		};
		3E6951412D087CCB00587837 /* Resources */ = {
			isa = PBXResourcesBuildPhase;
			buildActionMask = 2147483647;
			files = (
			);
			runOnlyForDeploymentPostprocessing = 0;
		};
		3E69514B2D087CCB00587837 /* Resources */ = {
			isa = PBXResourcesBuildPhase;
			buildActionMask = 2147483647;
			files = (
			);
			runOnlyForDeploymentPostprocessing = 0;
		};
/* End PBXResourcesBuildPhase section */

/* Begin PBXShellScriptBuildPhase section */
		3E731B772D08B1EB0084EF1F /* ShellScript */ = {
			isa = PBXShellScriptBuildPhase;
			buildActionMask = 2147483647;
			files = (
			);
			inputFileListPaths = (
			);
			inputPaths = (
			);
			outputFileListPaths = (
			);
			outputPaths = (
			);
			runOnlyForDeploymentPostprocessing = 0;
			shellPath = /bin/sh;
			shellScript = "\"${PODS_ROOT}/SwiftLint/swiftlint\"\n";
		};
		6B99C16C872303F11D61C157 /* [CP] Check Pods Manifest.lock */ = {
			isa = PBXShellScriptBuildPhase;
			buildActionMask = 2147483647;
			files = (
			);
			inputFileListPaths = (
			);
			inputPaths = (
				"${PODS_PODFILE_DIR_PATH}/Podfile.lock",
				"${PODS_ROOT}/Manifest.lock",
			);
			name = "[CP] Check Pods Manifest.lock";
			outputFileListPaths = (
			);
			outputPaths = (
				"$(DERIVED_FILE_DIR)/Pods-Diary-checkManifestLockResult.txt",
			);
			runOnlyForDeploymentPostprocessing = 0;
			shellPath = /bin/sh;
			shellScript = "diff \"${PODS_PODFILE_DIR_PATH}/Podfile.lock\" \"${PODS_ROOT}/Manifest.lock\" > /dev/null\nif [ $? != 0 ] ; then\n    # print error to STDERR\n    echo \"error: The sandbox is not in sync with the Podfile.lock. Run 'pod install' or update your CocoaPods installation.\" >&2\n    exit 1\nfi\n# This output is used by Xcode 'outputs' to avoid re-running this script phase.\necho \"SUCCESS\" > \"${SCRIPT_OUTPUT_FILE_0}\"\n";
			showEnvVarsInLog = 0;
		};
		ABAAEB969172DAED71A57879 /* [CP] Check Pods Manifest.lock */ = {
			isa = PBXShellScriptBuildPhase;
			buildActionMask = 2147483647;
			files = (
			);
			inputFileListPaths = (
			);
			inputPaths = (
				"${PODS_PODFILE_DIR_PATH}/Podfile.lock",
				"${PODS_ROOT}/Manifest.lock",
			);
			name = "[CP] Check Pods Manifest.lock";
			outputFileListPaths = (
			);
			outputPaths = (
				"$(DERIVED_FILE_DIR)/Pods-Diary-DiaryUITests-checkManifestLockResult.txt",
			);
			runOnlyForDeploymentPostprocessing = 0;
			shellPath = /bin/sh;
			shellScript = "diff \"${PODS_PODFILE_DIR_PATH}/Podfile.lock\" \"${PODS_ROOT}/Manifest.lock\" > /dev/null\nif [ $? != 0 ] ; then\n    # print error to STDERR\n    echo \"error: The sandbox is not in sync with the Podfile.lock. Run 'pod install' or update your CocoaPods installation.\" >&2\n    exit 1\nfi\n# This output is used by Xcode 'outputs' to avoid re-running this script phase.\necho \"SUCCESS\" > \"${SCRIPT_OUTPUT_FILE_0}\"\n";
			showEnvVarsInLog = 0;
		};
		C8E05C863A47254ED37727D3 /* [CP] Check Pods Manifest.lock */ = {
			isa = PBXShellScriptBuildPhase;
			buildActionMask = 2147483647;
			files = (
			);
			inputFileListPaths = (
			);
			inputPaths = (
				"${PODS_PODFILE_DIR_PATH}/Podfile.lock",
				"${PODS_ROOT}/Manifest.lock",
			);
			name = "[CP] Check Pods Manifest.lock";
			outputFileListPaths = (
			);
			outputPaths = (
				"$(DERIVED_FILE_DIR)/Pods-DiaryTests-checkManifestLockResult.txt",
			);
			runOnlyForDeploymentPostprocessing = 0;
			shellPath = /bin/sh;
			shellScript = "diff \"${PODS_PODFILE_DIR_PATH}/Podfile.lock\" \"${PODS_ROOT}/Manifest.lock\" > /dev/null\nif [ $? != 0 ] ; then\n    # print error to STDERR\n    echo \"error: The sandbox is not in sync with the Podfile.lock. Run 'pod install' or update your CocoaPods installation.\" >&2\n    exit 1\nfi\n# This output is used by Xcode 'outputs' to avoid re-running this script phase.\necho \"SUCCESS\" > \"${SCRIPT_OUTPUT_FILE_0}\"\n";
			showEnvVarsInLog = 0;
		};
/* End PBXShellScriptBuildPhase section */

/* Begin PBXSourcesBuildPhase section */
		3E6951292D087CC800587837 /* Sources */ = {
			isa = PBXSourcesBuildPhase;
			buildActionMask = 2147483647;
			files = (
				3E0E9AF02D0F3A68001720BF /* TaskTableViewCell.swift in Sources */,
				3EBC87E82D0B7CC200BF70BF /* TasksScreenViewController.swift in Sources */,
				3EA365D62D0CBAA3009192EE /* TasksItem.swift in Sources */,
				3EA365D92D0CBC98009192EE /* LossyCodableList.swift in Sources */,
				3E1152E12D11FFFE002E58ED /* String+Extensions.swift in Sources */,
				3EA280952D0C4030003A2433 /* TasksScreenRouter.swift in Sources */,
				3EA280972D0C404D003A2433 /* TasksScreenAssembly.swift in Sources */,
				3EA280912D0C3FFF003A2433 /* TasksScreenModels.swift in Sources */,
				3EA280992D0C405C003A2433 /* TasksScreenTableAdapter.swift in Sources */,
				3E1152DE2D11F385002E58ED /* DateHelper.swift in Sources */,
				3EA365D42D0CB947009192EE /* TasksResponse.swift in Sources */,
				3E0E9AFD2D0F6881001720BF /* EventView.swift in Sources */,
				3E6951312D087CC800587837 /* AppDelegate.swift in Sources */,
				3E1152E52D12D082002E58ED /* Localized.swift in Sources */,
				3E29C0A02D0DB0F100431156 /* CalendarManager.swift in Sources */,
				3EA280932D0C401F003A2433 /* TasksScreenPresenter.swift in Sources */,
				3E0E9AEB2D0DD031001720BF /* MyCollectionViewCell.swift in Sources */,
				3EA2809C2D0C40EE003A2433 /* DiaryService.swift in Sources */,
			);
			runOnlyForDeploymentPostprocessing = 0;
		};
		3E69513F2D087CCB00587837 /* Sources */ = {
			isa = PBXSourcesBuildPhase;
			buildActionMask = 2147483647;
			files = (
				3E6951482D087CCB00587837 /* DiaryTests.swift in Sources */,
			);
			runOnlyForDeploymentPostprocessing = 0;
		};
		3E6951492D087CCB00587837 /* Sources */ = {
			isa = PBXSourcesBuildPhase;
			buildActionMask = 2147483647;
			files = (
				3E6951542D087CCB00587837 /* DiaryUITestsLaunchTests.swift in Sources */,
				3E6951522D087CCB00587837 /* DiaryUITests.swift in Sources */,
			);
			runOnlyForDeploymentPostprocessing = 0;
		};
/* End PBXSourcesBuildPhase section */

/* Begin PBXTargetDependency section */
		3E6951452D087CCB00587837 /* PBXTargetDependency */ = {
			isa = PBXTargetDependency;
			target = 3E69512C2D087CC800587837 /* Diary */;
			targetProxy = 3E6951442D087CCB00587837 /* PBXContainerItemProxy */;
		};
		3E69514F2D087CCB00587837 /* PBXTargetDependency */ = {
			isa = PBXTargetDependency;
			target = 3E69512C2D087CC800587837 /* Diary */;
			targetProxy = 3E69514E2D087CCB00587837 /* PBXContainerItemProxy */;
		};
/* End PBXTargetDependency section */

/* Begin PBXVariantGroup section */
		3E69513B2D087CCA00587837 /* LaunchScreen.storyboard */ = {
			isa = PBXVariantGroup;
			children = (
				3E69513C2D087CCA00587837 /* Base */,
			);
			name = LaunchScreen.storyboard;
			sourceTree = "<group>";
		};
/* End PBXVariantGroup section */

/* Begin XCBuildConfiguration section */
		3E6951552D087CCB00587837 /* Debug */ = {
			isa = XCBuildConfiguration;
			buildSettings = {
				ALWAYS_SEARCH_USER_PATHS = NO;
				ASSETCATALOG_COMPILER_GENERATE_SWIFT_ASSET_SYMBOL_EXTENSIONS = YES;
				CLANG_ANALYZER_NONNULL = YES;
				CLANG_ANALYZER_NUMBER_OBJECT_CONVERSION = YES_AGGRESSIVE;
				CLANG_CXX_LANGUAGE_STANDARD = "gnu++20";
				CLANG_ENABLE_MODULES = YES;
				CLANG_ENABLE_OBJC_ARC = YES;
				CLANG_ENABLE_OBJC_WEAK = YES;
				CLANG_WARN_BLOCK_CAPTURE_AUTORELEASING = YES;
				CLANG_WARN_BOOL_CONVERSION = YES;
				CLANG_WARN_COMMA = YES;
				CLANG_WARN_CONSTANT_CONVERSION = YES;
				CLANG_WARN_DEPRECATED_OBJC_IMPLEMENTATIONS = YES;
				CLANG_WARN_DIRECT_OBJC_ISA_USAGE = YES_ERROR;
				CLANG_WARN_DOCUMENTATION_COMMENTS = YES;
				CLANG_WARN_EMPTY_BODY = YES;
				CLANG_WARN_ENUM_CONVERSION = YES;
				CLANG_WARN_INFINITE_RECURSION = YES;
				CLANG_WARN_INT_CONVERSION = YES;
				CLANG_WARN_NON_LITERAL_NULL_CONVERSION = YES;
				CLANG_WARN_OBJC_IMPLICIT_RETAIN_SELF = YES;
				CLANG_WARN_OBJC_LITERAL_CONVERSION = YES;
				CLANG_WARN_OBJC_ROOT_CLASS = YES_ERROR;
				CLANG_WARN_QUOTED_INCLUDE_IN_FRAMEWORK_HEADER = YES;
				CLANG_WARN_RANGE_LOOP_ANALYSIS = YES;
				CLANG_WARN_STRICT_PROTOTYPES = YES;
				CLANG_WARN_SUSPICIOUS_MOVE = YES;
				CLANG_WARN_UNGUARDED_AVAILABILITY = YES_AGGRESSIVE;
				CLANG_WARN_UNREACHABLE_CODE = YES;
				CLANG_WARN__DUPLICATE_METHOD_MATCH = YES;
				COPY_PHASE_STRIP = NO;
				DEBUG_INFORMATION_FORMAT = dwarf;
				ENABLE_STRICT_OBJC_MSGSEND = YES;
				ENABLE_TESTABILITY = YES;
				ENABLE_USER_SCRIPT_SANDBOXING = YES;
				GCC_C_LANGUAGE_STANDARD = gnu17;
				GCC_DYNAMIC_NO_PIC = NO;
				GCC_NO_COMMON_BLOCKS = YES;
				GCC_OPTIMIZATION_LEVEL = 0;
				GCC_PREPROCESSOR_DEFINITIONS = (
					"DEBUG=1",
					"$(inherited)",
				);
				GCC_WARN_64_TO_32_BIT_CONVERSION = YES;
				GCC_WARN_ABOUT_RETURN_TYPE = YES_ERROR;
				GCC_WARN_UNDECLARED_SELECTOR = YES;
				GCC_WARN_UNINITIALIZED_AUTOS = YES_AGGRESSIVE;
				GCC_WARN_UNUSED_FUNCTION = YES;
				GCC_WARN_UNUSED_VARIABLE = YES;
				IPHONEOS_DEPLOYMENT_TARGET = 12.0;
				LOCALIZATION_PREFERS_STRING_CATALOGS = YES;
				MTL_ENABLE_DEBUG_INFO = INCLUDE_SOURCE;
				MTL_FAST_MATH = YES;
				ONLY_ACTIVE_ARCH = YES;
				SDKROOT = iphoneos;
				SWIFT_ACTIVE_COMPILATION_CONDITIONS = "DEBUG $(inherited)";
				SWIFT_OPTIMIZATION_LEVEL = "-Onone";
			};
			name = Debug;
		};
		3E6951562D087CCB00587837 /* Release */ = {
			isa = XCBuildConfiguration;
			buildSettings = {
				ALWAYS_SEARCH_USER_PATHS = NO;
				ASSETCATALOG_COMPILER_GENERATE_SWIFT_ASSET_SYMBOL_EXTENSIONS = YES;
				CLANG_ANALYZER_NONNULL = YES;
				CLANG_ANALYZER_NUMBER_OBJECT_CONVERSION = YES_AGGRESSIVE;
				CLANG_CXX_LANGUAGE_STANDARD = "gnu++20";
				CLANG_ENABLE_MODULES = YES;
				CLANG_ENABLE_OBJC_ARC = YES;
				CLANG_ENABLE_OBJC_WEAK = YES;
				CLANG_WARN_BLOCK_CAPTURE_AUTORELEASING = YES;
				CLANG_WARN_BOOL_CONVERSION = YES;
				CLANG_WARN_COMMA = YES;
				CLANG_WARN_CONSTANT_CONVERSION = YES;
				CLANG_WARN_DEPRECATED_OBJC_IMPLEMENTATIONS = YES;
				CLANG_WARN_DIRECT_OBJC_ISA_USAGE = YES_ERROR;
				CLANG_WARN_DOCUMENTATION_COMMENTS = YES;
				CLANG_WARN_EMPTY_BODY = YES;
				CLANG_WARN_ENUM_CONVERSION = YES;
				CLANG_WARN_INFINITE_RECURSION = YES;
				CLANG_WARN_INT_CONVERSION = YES;
				CLANG_WARN_NON_LITERAL_NULL_CONVERSION = YES;
				CLANG_WARN_OBJC_IMPLICIT_RETAIN_SELF = YES;
				CLANG_WARN_OBJC_LITERAL_CONVERSION = YES;
				CLANG_WARN_OBJC_ROOT_CLASS = YES_ERROR;
				CLANG_WARN_QUOTED_INCLUDE_IN_FRAMEWORK_HEADER = YES;
				CLANG_WARN_RANGE_LOOP_ANALYSIS = YES;
				CLANG_WARN_STRICT_PROTOTYPES = YES;
				CLANG_WARN_SUSPICIOUS_MOVE = YES;
				CLANG_WARN_UNGUARDED_AVAILABILITY = YES_AGGRESSIVE;
				CLANG_WARN_UNREACHABLE_CODE = YES;
				CLANG_WARN__DUPLICATE_METHOD_MATCH = YES;
				COPY_PHASE_STRIP = NO;
				DEBUG_INFORMATION_FORMAT = "dwarf-with-dsym";
				ENABLE_NS_ASSERTIONS = NO;
				ENABLE_STRICT_OBJC_MSGSEND = YES;
				ENABLE_USER_SCRIPT_SANDBOXING = YES;
				GCC_C_LANGUAGE_STANDARD = gnu17;
				GCC_NO_COMMON_BLOCKS = YES;
				GCC_WARN_64_TO_32_BIT_CONVERSION = YES;
				GCC_WARN_ABOUT_RETURN_TYPE = YES_ERROR;
				GCC_WARN_UNDECLARED_SELECTOR = YES;
				GCC_WARN_UNINITIALIZED_AUTOS = YES_AGGRESSIVE;
				GCC_WARN_UNUSED_FUNCTION = YES;
				GCC_WARN_UNUSED_VARIABLE = YES;
				IPHONEOS_DEPLOYMENT_TARGET = 12.0;
				LOCALIZATION_PREFERS_STRING_CATALOGS = YES;
				MTL_ENABLE_DEBUG_INFO = NO;
				MTL_FAST_MATH = YES;
				SDKROOT = iphoneos;
				SWIFT_COMPILATION_MODE = wholemodule;
				VALIDATE_PRODUCT = YES;
			};
			name = Release;
		};
		3E6951582D087CCB00587837 /* Debug */ = {
			isa = XCBuildConfiguration;
			baseConfigurationReference = 798CD8E754070FF3BD7CDC0B /* Pods-Diary.debug.xcconfig */;
			buildSettings = {
				ASSETCATALOG_COMPILER_APPICON_NAME = AppIcon;
				ASSETCATALOG_COMPILER_GLOBAL_ACCENT_COLOR_NAME = AccentColor;
				CODE_SIGN_STYLE = Automatic;
				CURRENT_PROJECT_VERSION = 1;
				DEVELOPMENT_TEAM = Z23M83FRU6;
				ENABLE_USER_SCRIPT_SANDBOXING = NO;
				GENERATE_INFOPLIST_FILE = YES;
				INFOPLIST_FILE = "Diary/Supporting files/Info.plist";
				INFOPLIST_KEY_UIApplicationSupportsIndirectInputEvents = YES;
				INFOPLIST_KEY_UILaunchStoryboardName = LaunchScreen;
				INFOPLIST_KEY_UIMainStoryboardFile = "";
				INFOPLIST_KEY_UISupportedInterfaceOrientations = UIInterfaceOrientationPortrait;
				INFOPLIST_KEY_UISupportedInterfaceOrientations_iPad = "UIInterfaceOrientationLandscapeLeft UIInterfaceOrientationLandscapeRight UIInterfaceOrientationPortrait UIInterfaceOrientationPortraitUpsideDown";
				IPHONEOS_DEPLOYMENT_TARGET = 12.0;
				LD_RUNPATH_SEARCH_PATHS = (
					"$(inherited)",
					"@executable_path/Frameworks",
				);
				MARKETING_VERSION = 1.0;
				PRODUCT_BUNDLE_IDENTIFIER = diary.Diary;
				PRODUCT_NAME = "$(TARGET_NAME)";
				SUPPORTED_PLATFORMS = "iphoneos iphonesimulator";
				SUPPORTS_MACCATALYST = NO;
				SUPPORTS_MAC_DESIGNED_FOR_IPHONE_IPAD = NO;
				SUPPORTS_XR_DESIGNED_FOR_IPHONE_IPAD = NO;
				SWIFT_EMIT_LOC_STRINGS = YES;
				SWIFT_VERSION = 5.0;
				TARGETED_DEVICE_FAMILY = 1;
			};
			name = Debug;
		};
		3E6951592D087CCB00587837 /* Release */ = {
			isa = XCBuildConfiguration;
			baseConfigurationReference = E62E2F6CE4A7DAD798DF5A21 /* Pods-Diary.release.xcconfig */;
			buildSettings = {
				ASSETCATALOG_COMPILER_APPICON_NAME = AppIcon;
				ASSETCATALOG_COMPILER_GLOBAL_ACCENT_COLOR_NAME = AccentColor;
				CODE_SIGN_STYLE = Automatic;
				CURRENT_PROJECT_VERSION = 1;
				DEVELOPMENT_TEAM = Z23M83FRU6;
				ENABLE_USER_SCRIPT_SANDBOXING = NO;
				GENERATE_INFOPLIST_FILE = YES;
				INFOPLIST_FILE = "Diary/Supporting files/Info.plist";
				INFOPLIST_KEY_UIApplicationSupportsIndirectInputEvents = YES;
				INFOPLIST_KEY_UILaunchStoryboardName = LaunchScreen;
				INFOPLIST_KEY_UIMainStoryboardFile = "";
				INFOPLIST_KEY_UISupportedInterfaceOrientations = UIInterfaceOrientationPortrait;
				INFOPLIST_KEY_UISupportedInterfaceOrientations_iPad = "UIInterfaceOrientationLandscapeLeft UIInterfaceOrientationLandscapeRight UIInterfaceOrientationPortrait UIInterfaceOrientationPortraitUpsideDown";
				IPHONEOS_DEPLOYMENT_TARGET = 12.0;
				LD_RUNPATH_SEARCH_PATHS = (
					"$(inherited)",
					"@executable_path/Frameworks",
				);
				MARKETING_VERSION = 1.0;
				PRODUCT_BUNDLE_IDENTIFIER = diary.Diary;
				PRODUCT_NAME = "$(TARGET_NAME)";
				SUPPORTED_PLATFORMS = "iphoneos iphonesimulator";
				SUPPORTS_MACCATALYST = NO;
				SUPPORTS_MAC_DESIGNED_FOR_IPHONE_IPAD = NO;
				SUPPORTS_XR_DESIGNED_FOR_IPHONE_IPAD = NO;
				SWIFT_EMIT_LOC_STRINGS = YES;
				SWIFT_VERSION = 5.0;
				TARGETED_DEVICE_FAMILY = 1;
			};
			name = Release;
		};
		3E69515B2D087CCB00587837 /* Debug */ = {
			isa = XCBuildConfiguration;
			baseConfigurationReference = 2C7FDFF3CFD2BCB62BB8209B /* Pods-DiaryTests.debug.xcconfig */;
			buildSettings = {
				ALWAYS_EMBED_SWIFT_STANDARD_LIBRARIES = YES;
				BUNDLE_LOADER = "$(TEST_HOST)";
				CODE_SIGN_STYLE = Automatic;
				CURRENT_PROJECT_VERSION = 1;
				DEVELOPMENT_TEAM = Z23M83FRU6;
				GENERATE_INFOPLIST_FILE = YES;
				IPHONEOS_DEPLOYMENT_TARGET = 17.5;
				MARKETING_VERSION = 1.0;
				PRODUCT_BUNDLE_IDENTIFIER = diary.DiaryTests;
				PRODUCT_NAME = "$(TARGET_NAME)";
				SWIFT_EMIT_LOC_STRINGS = NO;
				SWIFT_VERSION = 5.0;
				TARGETED_DEVICE_FAMILY = "1,2";
				TEST_HOST = "$(BUILT_PRODUCTS_DIR)/Diary.app/$(BUNDLE_EXECUTABLE_FOLDER_PATH)/Diary";
			};
			name = Debug;
		};
		3E69515C2D087CCB00587837 /* Release */ = {
			isa = XCBuildConfiguration;
			baseConfigurationReference = 8F6BC931E63A3B63E5780E1D /* Pods-DiaryTests.release.xcconfig */;
			buildSettings = {
				ALWAYS_EMBED_SWIFT_STANDARD_LIBRARIES = YES;
				BUNDLE_LOADER = "$(TEST_HOST)";
				CODE_SIGN_STYLE = Automatic;
				CURRENT_PROJECT_VERSION = 1;
				DEVELOPMENT_TEAM = Z23M83FRU6;
				GENERATE_INFOPLIST_FILE = YES;
				IPHONEOS_DEPLOYMENT_TARGET = 17.5;
				MARKETING_VERSION = 1.0;
				PRODUCT_BUNDLE_IDENTIFIER = diary.DiaryTests;
				PRODUCT_NAME = "$(TARGET_NAME)";
				SWIFT_EMIT_LOC_STRINGS = NO;
				SWIFT_VERSION = 5.0;
				TARGETED_DEVICE_FAMILY = "1,2";
				TEST_HOST = "$(BUILT_PRODUCTS_DIR)/Diary.app/$(BUNDLE_EXECUTABLE_FOLDER_PATH)/Diary";
			};
			name = Release;
		};
		3E69515E2D087CCB00587837 /* Debug */ = {
			isa = XCBuildConfiguration;
			baseConfigurationReference = EA28392BCBA62509B6FA2BF6 /* Pods-Diary-DiaryUITests.debug.xcconfig */;
			buildSettings = {
				ALWAYS_EMBED_SWIFT_STANDARD_LIBRARIES = YES;
				CODE_SIGN_STYLE = Automatic;
				CURRENT_PROJECT_VERSION = 1;
				DEVELOPMENT_TEAM = Z23M83FRU6;
				GENERATE_INFOPLIST_FILE = YES;
				MARKETING_VERSION = 1.0;
				PRODUCT_BUNDLE_IDENTIFIER = diary.DiaryUITests;
				PRODUCT_NAME = "$(TARGET_NAME)";
				SWIFT_EMIT_LOC_STRINGS = NO;
				SWIFT_VERSION = 5.0;
				TARGETED_DEVICE_FAMILY = "1,2";
				TEST_TARGET_NAME = Diary;
			};
			name = Debug;
		};
		3E69515F2D087CCB00587837 /* Release */ = {
			isa = XCBuildConfiguration;
			baseConfigurationReference = DD81D20422B53697FE8EFE6D /* Pods-Diary-DiaryUITests.release.xcconfig */;
			buildSettings = {
				ALWAYS_EMBED_SWIFT_STANDARD_LIBRARIES = YES;
				CODE_SIGN_STYLE = Automatic;
				CURRENT_PROJECT_VERSION = 1;
				DEVELOPMENT_TEAM = Z23M83FRU6;
				GENERATE_INFOPLIST_FILE = YES;
				MARKETING_VERSION = 1.0;
				PRODUCT_BUNDLE_IDENTIFIER = diary.DiaryUITests;
				PRODUCT_NAME = "$(TARGET_NAME)";
				SWIFT_EMIT_LOC_STRINGS = NO;
				SWIFT_VERSION = 5.0;
				TARGETED_DEVICE_FAMILY = "1,2";
				TEST_TARGET_NAME = Diary;
			};
			name = Release;
		};
/* End XCBuildConfiguration section */

/* Begin XCConfigurationList section */
		3E6951282D087CC800587837 /* Build configuration list for PBXProject "Diary" */ = {
			isa = XCConfigurationList;
			buildConfigurations = (
				3E6951552D087CCB00587837 /* Debug */,
				3E6951562D087CCB00587837 /* Release */,
			);
			defaultConfigurationIsVisible = 0;
			defaultConfigurationName = Release;
		};
		3E6951572D087CCB00587837 /* Build configuration list for PBXNativeTarget "Diary" */ = {
			isa = XCConfigurationList;
			buildConfigurations = (
				3E6951582D087CCB00587837 /* Debug */,
				3E6951592D087CCB00587837 /* Release */,
			);
			defaultConfigurationIsVisible = 0;
			defaultConfigurationName = Release;
		};
		3E69515A2D087CCB00587837 /* Build configuration list for PBXNativeTarget "DiaryTests" */ = {
			isa = XCConfigurationList;
			buildConfigurations = (
				3E69515B2D087CCB00587837 /* Debug */,
				3E69515C2D087CCB00587837 /* Release */,
			);
			defaultConfigurationIsVisible = 0;
			defaultConfigurationName = Release;
		};
		3E69515D2D087CCB00587837 /* Build configuration list for PBXNativeTarget "DiaryUITests" */ = {
			isa = XCConfigurationList;
			buildConfigurations = (
				3E69515E2D087CCB00587837 /* Debug */,
				3E69515F2D087CCB00587837 /* Release */,
			);
			defaultConfigurationIsVisible = 0;
			defaultConfigurationName = Release;
		};
/* End XCConfigurationList section */
	};
	rootObject = 3E6951252D087CC800587837 /* Project object */;
}
